{
  "name": "mestrado-tools",
  "lockfileVersion": 3,
  "requires": true,
  "packages": {
    "": {
      "name": "mestrado-tools",
      "dependencies": {
        "harper.js": "^0.42.0"
      }
    },
    "node_modules/harper.js": {
      "version": "0.42.0",
      "resolved": "https://registry.npmjs.org/harper.js/-/harper.js-0.42.0.tgz",
      "integrity": "sha512-+cIybG6rHvTeG8+2cxqmMpxg5R2uxBSMYhF9H1w3RF2OAKsXmUVw9gZ1iNZ5Nhc5wliLZTNbX6UgMlg2QocSjw==",
      "license": "Apache-2.0"
    }
  }
}
